// !$*UTF8*$!
{
	archiveVersion = 1;
	classes = {
	};
	objectVersion = 50;
	objects = {

/* Begin PBXBuildFile section */
		233806C920840188003A0F2F /* Roboto-Bold.ttf in Resources */ = {isa = PBXBuildFile; fileRef = 233806C820840188003A0F2F /* Roboto-Bold.ttf */; };
		233806CB208414CF003A0F2F /* PDFViewerVC.swift in Sources */ = {isa = PBXBuildFile; fileRef = 233806CA208414CF003A0F2F /* PDFViewerVC.swift */; };
		233806CD20841F79003A0F2F /* DocumentDetailVC.swift in Sources */ = {isa = PBXBuildFile; fileRef = 233806CC20841F79003A0F2F /* DocumentDetailVC.swift */; };
		233806CF208442B3003A0F2F /* ImageViewerVC.swift in Sources */ = {isa = PBXBuildFile; fileRef = 233806CE208442B3003A0F2F /* ImageViewerVC.swift */; };
		233806D42084F3A0003A0F2F /* Response.swift in Sources */ = {isa = PBXBuildFile; fileRef = 233806D32084F3A0003A0F2F /* Response.swift */; };
		235327812083C9BB00A46C6A /* Roboto-Regular.ttf in Resources */ = {isa = PBXBuildFile; fileRef = 235327802083C9BB00A46C6A /* Roboto-Regular.ttf */; };
		235327852083DB5A00A46C6A /* Roboto-Light.ttf in Resources */ = {isa = PBXBuildFile; fileRef = 235327842083DB5A00A46C6A /* Roboto-Light.ttf */; };
		235327872083DB6600A46C6A /* Roboto-Medium.ttf in Resources */ = {isa = PBXBuildFile; fileRef = 235327862083DB6600A46C6A /* Roboto-Medium.ttf */; };
		2353278C2083DD7000A46C6A /* DocumentTableViewCell.swift in Sources */ = {isa = PBXBuildFile; fileRef = 2353278B2083DD7000A46C6A /* DocumentTableViewCell.swift */; };
		23681ADF2082727A00B8BB59 /* AppDelegate.swift in Sources */ = {isa = PBXBuildFile; fileRef = 23681ADE2082727A00B8BB59 /* AppDelegate.swift */; };
		23681AE12082727A00B8BB59 /* DocumentListVC.swift in Sources */ = {isa = PBXBuildFile; fileRef = 23681AE02082727A00B8BB59 /* DocumentListVC.swift */; };
		23681AE42082727A00B8BB59 /* Main.storyboard in Resources */ = {isa = PBXBuildFile; fileRef = 23681AE22082727A00B8BB59 /* Main.storyboard */; };
		23681AE62082727B00B8BB59 /* Assets.xcassets in Resources */ = {isa = PBXBuildFile; fileRef = 23681AE52082727B00B8BB59 /* Assets.xcassets */; };
		23681AE92082727B00B8BB59 /* LaunchScreen.storyboard in Resources */ = {isa = PBXBuildFile; fileRef = 23681AE72082727B00B8BB59 /* LaunchScreen.storyboard */; };
		23681AF42082727B00B8BB59 /* DocumentViewerTests.swift in Sources */ = {isa = PBXBuildFile; fileRef = 23681AF32082727B00B8BB59 /* DocumentViewerTests.swift */; };
		23681AFF2082727B00B8BB59 /* DocumentViewerUITests.swift in Sources */ = {isa = PBXBuildFile; fileRef = 23681AFE2082727B00B8BB59 /* DocumentViewerUITests.swift */; };
		23681B0D208274ED00B8BB59 /* Document.swift in Sources */ = {isa = PBXBuildFile; fileRef = 23681B0C208274ED00B8BB59 /* Document.swift */; };
		23681B0F2083B7B100B8BB59 /* NetworkManager.swift in Sources */ = {isa = PBXBuildFile; fileRef = 23681B0E2083B7B100B8BB59 /* NetworkManager.swift */; };
/* End PBXBuildFile section */

/* Begin PBXContainerItemProxy section */
		23681AF02082727B00B8BB59 /* PBXContainerItemProxy */ = {
			isa = PBXContainerItemProxy;
			containerPortal = 23681AD32082727900B8BB59 /* Project object */;
			proxyType = 1;
			remoteGlobalIDString = 23681ADA2082727900B8BB59;
			remoteInfo = DocumentViewer;
		};
		23681AFB2082727B00B8BB59 /* PBXContainerItemProxy */ = {
			isa = PBXContainerItemProxy;
			containerPortal = 23681AD32082727900B8BB59 /* Project object */;
			proxyType = 1;
			remoteGlobalIDString = 23681ADA2082727900B8BB59;
			remoteInfo = DocumentViewer;
		};
/* End PBXContainerItemProxy section */

/* Begin PBXFileReference section */
		233806C820840188003A0F2F /* Roboto-Bold.ttf */ = {isa = PBXFileReference; lastKnownFileType = file; name = "Roboto-Bold.ttf"; path = "../../../../../../../Downloads/Roboto-2/Roboto-Bold.ttf"; sourceTree = "<group>"; };
		233806CA208414CF003A0F2F /* PDFViewerVC.swift */ = {isa = PBXFileReference; lastKnownFileType = sourcecode.swift; path = PDFViewerVC.swift; sourceTree = "<group>"; };
		233806CC20841F79003A0F2F /* DocumentDetailVC.swift */ = {isa = PBXFileReference; lastKnownFileType = sourcecode.swift; path = DocumentDetailVC.swift; sourceTree = "<group>"; };
		233806CE208442B3003A0F2F /* ImageViewerVC.swift */ = {isa = PBXFileReference; lastKnownFileType = sourcecode.swift; path = ImageViewerVC.swift; sourceTree = "<group>"; };
		233806D32084F3A0003A0F2F /* Response.swift */ = {isa = PBXFileReference; lastKnownFileType = sourcecode.swift; path = Response.swift; sourceTree = "<group>"; };
		235327802083C9BB00A46C6A /* Roboto-Regular.ttf */ = {isa = PBXFileReference; lastKnownFileType = file; path = "Roboto-Regular.ttf"; sourceTree = "<group>"; };
		235327842083DB5A00A46C6A /* Roboto-Light.ttf */ = {isa = PBXFileReference; lastKnownFileType = file; path = "Roboto-Light.ttf"; sourceTree = "<group>"; };
		235327862083DB6600A46C6A /* Roboto-Medium.ttf */ = {isa = PBXFileReference; lastKnownFileType = file; path = "Roboto-Medium.ttf"; sourceTree = "<group>"; };
		2353278B2083DD7000A46C6A /* DocumentTableViewCell.swift */ = {isa = PBXFileReference; lastKnownFileType = sourcecode.swift; path = DocumentTableViewCell.swift; sourceTree = "<group>"; };
		23681ADB2082727A00B8BB59 /* DocumentViewer.app */ = {isa = PBXFileReference; explicitFileType = wrapper.application; includeInIndex = 0; path = DocumentViewer.app; sourceTree = BUILT_PRODUCTS_DIR; };
		23681ADE2082727A00B8BB59 /* AppDelegate.swift */ = {isa = PBXFileReference; lastKnownFileType = sourcecode.swift; path = AppDelegate.swift; sourceTree = "<group>"; };
		23681AE02082727A00B8BB59 /* DocumentListVC.swift */ = {isa = PBXFileReference; lastKnownFileType = sourcecode.swift; path = DocumentListVC.swift; sourceTree = "<group>"; };
		23681AE32082727A00B8BB59 /* Base */ = {isa = PBXFileReference; lastKnownFileType = file.storyboard; name = Base; path = Base.lproj/Main.storyboard; sourceTree = "<group>"; };
		23681AE52082727B00B8BB59 /* Assets.xcassets */ = {isa = PBXFileReference; lastKnownFileType = folder.assetcatalog; path = Assets.xcassets; sourceTree = "<group>"; };
		23681AE82082727B00B8BB59 /* Base */ = {isa = PBXFileReference; lastKnownFileType = file.storyboard; name = Base; path = Base.lproj/LaunchScreen.storyboard; sourceTree = "<group>"; };
		23681AEA2082727B00B8BB59 /* Info.plist */ = {isa = PBXFileReference; lastKnownFileType = text.plist.xml; path = Info.plist; sourceTree = "<group>"; };
		23681AEF2082727B00B8BB59 /* DocumentViewerTests.xctest */ = {isa = PBXFileReference; explicitFileType = wrapper.cfbundle; includeInIndex = 0; path = DocumentViewerTests.xctest; sourceTree = BUILT_PRODUCTS_DIR; };
		23681AF32082727B00B8BB59 /* DocumentViewerTests.swift */ = {isa = PBXFileReference; lastKnownFileType = sourcecode.swift; path = DocumentViewerTests.swift; sourceTree = "<group>"; };
		23681AF52082727B00B8BB59 /* Info.plist */ = {isa = PBXFileReference; lastKnownFileType = text.plist.xml; path = Info.plist; sourceTree = "<group>"; };
		23681AFA2082727B00B8BB59 /* DocumentViewerUITests.xctest */ = {isa = PBXFileReference; explicitFileType = wrapper.cfbundle; includeInIndex = 0; path = DocumentViewerUITests.xctest; sourceTree = BUILT_PRODUCTS_DIR; };
		23681AFE2082727B00B8BB59 /* DocumentViewerUITests.swift */ = {isa = PBXFileReference; lastKnownFileType = sourcecode.swift; path = DocumentViewerUITests.swift; sourceTree = "<group>"; };
		23681B002082727B00B8BB59 /* Info.plist */ = {isa = PBXFileReference; lastKnownFileType = text.plist.xml; path = Info.plist; sourceTree = "<group>"; };
		23681B0C208274ED00B8BB59 /* Document.swift */ = {isa = PBXFileReference; lastKnownFileType = sourcecode.swift; path = Document.swift; sourceTree = "<group>"; };
		23681B0E2083B7B100B8BB59 /* NetworkManager.swift */ = {isa = PBXFileReference; lastKnownFileType = sourcecode.swift; path = NetworkManager.swift; sourceTree = "<group>"; };
/* End PBXFileReference section */

/* Begin PBXFrameworksBuildPhase section */
		23681AD82082727900B8BB59 /* Frameworks */ = {
			isa = PBXFrameworksBuildPhase;
			buildActionMask = 2147483647;
			files = (
			);
			runOnlyForDeploymentPostprocessing = 0;
		};
		23681AEC2082727B00B8BB59 /* Frameworks */ = {
			isa = PBXFrameworksBuildPhase;
			buildActionMask = 2147483647;
			files = (
			);
			runOnlyForDeploymentPostprocessing = 0;
		};
		23681AF72082727B00B8BB59 /* Frameworks */ = {
			isa = PBXFrameworksBuildPhase;
			buildActionMask = 2147483647;
			files = (
			);
			runOnlyForDeploymentPostprocessing = 0;
		};
/* End PBXFrameworksBuildPhase section */

/* Begin PBXGroup section */
		233806D0208442BF003A0F2F /* View Controllers */ = {
			isa = PBXGroup;
			children = (
				23681AE02082727A00B8BB59 /* DocumentListVC.swift */,
				233806CA208414CF003A0F2F /* PDFViewerVC.swift */,
				233806CE208442B3003A0F2F /* ImageViewerVC.swift */,
				233806CC20841F79003A0F2F /* DocumentDetailVC.swift */,
			);
			path = "View Controllers";
			sourceTree = "<group>";
		};
		233806D52084F4CF003A0F2F /* Networking */ = {
			isa = PBXGroup;
			children = (
				23681B0E2083B7B100B8BB59 /* NetworkManager.swift */,
				233806D32084F3A0003A0F2F /* Response.swift */,
			);
			path = Networking;
			sourceTree = "<group>";
		};
		2353277F2083C94000A46C6A /* Fonts */ = {
			isa = PBXGroup;
			children = (
				235327802083C9BB00A46C6A /* Roboto-Regular.ttf */,
				233806C820840188003A0F2F /* Roboto-Bold.ttf */,
				235327842083DB5A00A46C6A /* Roboto-Light.ttf */,
				235327862083DB6600A46C6A /* Roboto-Medium.ttf */,
			);
			path = Fonts;
			sourceTree = "<group>";
		};
		23681AD22082727900B8BB59 = {
			isa = PBXGroup;
			children = (
				23681ADD2082727A00B8BB59 /* DocumentViewer */,
				23681AF22082727B00B8BB59 /* DocumentViewerTests */,
				23681AFD2082727B00B8BB59 /* DocumentViewerUITests */,
				23681ADC2082727A00B8BB59 /* Products */,
			);
			sourceTree = "<group>";
		};
		23681ADC2082727A00B8BB59 /* Products */ = {
			isa = PBXGroup;
			children = (
				23681ADB2082727A00B8BB59 /* DocumentViewer.app */,
				23681AEF2082727B00B8BB59 /* DocumentViewerTests.xctest */,
				23681AFA2082727B00B8BB59 /* DocumentViewerUITests.xctest */,
			);
			name = Products;
			sourceTree = "<group>";
		};
		23681ADD2082727A00B8BB59 /* DocumentViewer */ = {
			isa = PBXGroup;
			children = (
				23681AE22082727A00B8BB59 /* Main.storyboard */,
				23681AE72082727B00B8BB59 /* LaunchScreen.storyboard */,
				23681B0C208274ED00B8BB59 /* Document.swift */,
				2353278B2083DD7000A46C6A /* DocumentTableViewCell.swift */,
				233806D52084F4CF003A0F2F /* Networking */,
				233806D0208442BF003A0F2F /* View Controllers */,
				2353277F2083C94000A46C6A /* Fonts */,
				23681ADE2082727A00B8BB59 /* AppDelegate.swift */,
				23681AE52082727B00B8BB59 /* Assets.xcassets */,
				23681AEA2082727B00B8BB59 /* Info.plist */,
			);
			path = DocumentViewer;
			sourceTree = "<group>";
		};
		23681AF22082727B00B8BB59 /* DocumentViewerTests */ = {
			isa = PBXGroup;
			children = (
				23681AF32082727B00B8BB59 /* DocumentViewerTests.swift */,
				23681AF52082727B00B8BB59 /* Info.plist */,
			);
			path = DocumentViewerTests;
			sourceTree = "<group>";
		};
		23681AFD2082727B00B8BB59 /* DocumentViewerUITests */ = {
			isa = PBXGroup;
			children = (
				23681AFE2082727B00B8BB59 /* DocumentViewerUITests.swift */,
				23681B002082727B00B8BB59 /* Info.plist */,
			);
			path = DocumentViewerUITests;
			sourceTree = "<group>";
		};
/* End PBXGroup section */

/* Begin PBXNativeTarget section */
		23681ADA2082727900B8BB59 /* DocumentViewer */ = {
			isa = PBXNativeTarget;
			buildConfigurationList = 23681B032082727B00B8BB59 /* Build configuration list for PBXNativeTarget "DocumentViewer" */;
			buildPhases = (
				23681AD72082727900B8BB59 /* Sources */,
				23681AD82082727900B8BB59 /* Frameworks */,
				23681AD92082727900B8BB59 /* Resources */,
			);
			buildRules = (
			);
			dependencies = (
			);
			name = DocumentViewer;
			productName = DocumentViewer;
			productReference = 23681ADB2082727A00B8BB59 /* DocumentViewer.app */;
			productType = "com.apple.product-type.application";
		};
		23681AEE2082727B00B8BB59 /* DocumentViewerTests */ = {
			isa = PBXNativeTarget;
			buildConfigurationList = 23681B062082727B00B8BB59 /* Build configuration list for PBXNativeTarget "DocumentViewerTests" */;
			buildPhases = (
				23681AEB2082727B00B8BB59 /* Sources */,
				23681AEC2082727B00B8BB59 /* Frameworks */,
				23681AED2082727B00B8BB59 /* Resources */,
			);
			buildRules = (
			);
			dependencies = (
				23681AF12082727B00B8BB59 /* PBXTargetDependency */,
			);
			name = DocumentViewerTests;
			productName = DocumentViewerTests;
			productReference = 23681AEF2082727B00B8BB59 /* DocumentViewerTests.xctest */;
			productType = "com.apple.product-type.bundle.unit-test";
		};
		23681AF92082727B00B8BB59 /* DocumentViewerUITests */ = {
			isa = PBXNativeTarget;
			buildConfigurationList = 23681B092082727B00B8BB59 /* Build configuration list for PBXNativeTarget "DocumentViewerUITests" */;
			buildPhases = (
				23681AF62082727B00B8BB59 /* Sources */,
				23681AF72082727B00B8BB59 /* Frameworks */,
				23681AF82082727B00B8BB59 /* Resources */,
			);
			buildRules = (
			);
			dependencies = (
				23681AFC2082727B00B8BB59 /* PBXTargetDependency */,
			);
			name = DocumentViewerUITests;
			productName = DocumentViewerUITests;
			productReference = 23681AFA2082727B00B8BB59 /* DocumentViewerUITests.xctest */;
			productType = "com.apple.product-type.bundle.ui-testing";
		};
/* End PBXNativeTarget section */

/* Begin PBXProject section */
		23681AD32082727900B8BB59 /* Project object */ = {
			isa = PBXProject;
			attributes = {
				LastSwiftUpdateCheck = 0930;
				LastUpgradeCheck = 0930;
				ORGANIZATIONNAME = "Jake Swedenburg";
				TargetAttributes = {
					23681ADA2082727900B8BB59 = {
						CreatedOnToolsVersion = 9.3;
					};
					23681AEE2082727B00B8BB59 = {
						CreatedOnToolsVersion = 9.3;
						TestTargetID = 23681ADA2082727900B8BB59;
					};
					23681AF92082727B00B8BB59 = {
						CreatedOnToolsVersion = 9.3;
						TestTargetID = 23681ADA2082727900B8BB59;
					};
				};
			};
			buildConfigurationList = 23681AD62082727900B8BB59 /* Build configuration list for PBXProject "DocumentViewer" */;
			compatibilityVersion = "Xcode 9.3";
			developmentRegion = en;
			hasScannedForEncodings = 0;
			knownRegions = (
				en,
				Base,
			);
			mainGroup = 23681AD22082727900B8BB59;
			productRefGroup = 23681ADC2082727A00B8BB59 /* Products */;
			projectDirPath = "";
			projectRoot = "";
			targets = (
				23681ADA2082727900B8BB59 /* DocumentViewer */,
				23681AEE2082727B00B8BB59 /* DocumentViewerTests */,
				23681AF92082727B00B8BB59 /* DocumentViewerUITests */,
			);
		};
/* End PBXProject section */

/* Begin PBXResourcesBuildPhase section */
		23681AD92082727900B8BB59 /* Resources */ = {
			isa = PBXResourcesBuildPhase;
			buildActionMask = 2147483647;
			files = (
				233806C920840188003A0F2F /* Roboto-Bold.ttf in Resources */,
				23681AE92082727B00B8BB59 /* LaunchScreen.storyboard in Resources */,
				23681AE62082727B00B8BB59 /* Assets.xcassets in Resources */,
				235327872083DB6600A46C6A /* Roboto-Medium.ttf in Resources */,
				235327852083DB5A00A46C6A /* Roboto-Light.ttf in Resources */,
				235327812083C9BB00A46C6A /* Roboto-Regular.ttf in Resources */,
				23681AE42082727A00B8BB59 /* Main.storyboard in Resources */,
			);
			runOnlyForDeploymentPostprocessing = 0;
		};
		23681AED2082727B00B8BB59 /* Resources */ = {
			isa = PBXResourcesBuildPhase;
			buildActionMask = 2147483647;
			files = (
			);
			runOnlyForDeploymentPostprocessing = 0;
		};
		23681AF82082727B00B8BB59 /* Resources */ = {
			isa = PBXResourcesBuildPhase;
			buildActionMask = 2147483647;
			files = (
			);
			runOnlyForDeploymentPostprocessing = 0;
		};
/* End PBXResourcesBuildPhase section */

/* Begin PBXSourcesBuildPhase section */
		23681AD72082727900B8BB59 /* Sources */ = {
			isa = PBXSourcesBuildPhase;
			buildActionMask = 2147483647;
			files = (
				23681AE12082727A00B8BB59 /* DocumentListVC.swift in Sources */,
				2353278C2083DD7000A46C6A /* DocumentTableViewCell.swift in Sources */,
				233806CD20841F79003A0F2F /* DocumentDetailVC.swift in Sources */,
				23681ADF2082727A00B8BB59 /* AppDelegate.swift in Sources */,
				233806D42084F3A0003A0F2F /* Response.swift in Sources */,
				233806CF208442B3003A0F2F /* ImageViewerVC.swift in Sources */,
				233806CB208414CF003A0F2F /* PDFViewerVC.swift in Sources */,
				23681B0D208274ED00B8BB59 /* Document.swift in Sources */,
				23681B0F2083B7B100B8BB59 /* NetworkManager.swift in Sources */,
			);
			runOnlyForDeploymentPostprocessing = 0;
		};
		23681AEB2082727B00B8BB59 /* Sources */ = {
			isa = PBXSourcesBuildPhase;
			buildActionMask = 2147483647;
			files = (
				23681AF42082727B00B8BB59 /* DocumentViewerTests.swift in Sources */,
			);
			runOnlyForDeploymentPostprocessing = 0;
		};
		23681AF62082727B00B8BB59 /* Sources */ = {
			isa = PBXSourcesBuildPhase;
			buildActionMask = 2147483647;
			files = (
				23681AFF2082727B00B8BB59 /* DocumentViewerUITests.swift in Sources */,
			);
			runOnlyForDeploymentPostprocessing = 0;
		};
/* End PBXSourcesBuildPhase section */

/* Begin PBXTargetDependency section */
		23681AF12082727B00B8BB59 /* PBXTargetDependency */ = {
			isa = PBXTargetDependency;
			target = 23681ADA2082727900B8BB59 /* DocumentViewer */;
			targetProxy = 23681AF02082727B00B8BB59 /* PBXContainerItemProxy */;
		};
		23681AFC2082727B00B8BB59 /* PBXTargetDependency */ = {
			isa = PBXTargetDependency;
			target = 23681ADA2082727900B8BB59 /* DocumentViewer */;
			targetProxy = 23681AFB2082727B00B8BB59 /* PBXContainerItemProxy */;
		};
/* End PBXTargetDependency section */

/* Begin PBXVariantGroup section */
		23681AE22082727A00B8BB59 /* Main.storyboard */ = {
			isa = PBXVariantGroup;
			children = (
				23681AE32082727A00B8BB59 /* Base */,
			);
			name = Main.storyboard;
			sourceTree = "<group>";
		};
		23681AE72082727B00B8BB59 /* LaunchScreen.storyboard */ = {
			isa = PBXVariantGroup;
			children = (
				23681AE82082727B00B8BB59 /* Base */,
			);
			name = LaunchScreen.storyboard;
			sourceTree = "<group>";
		};
/* End PBXVariantGroup section */

/* Begin XCBuildConfiguration section */
		23681B012082727B00B8BB59 /* Debug */ = {
			isa = XCBuildConfiguration;
			buildSettings = {
				ALWAYS_SEARCH_USER_PATHS = NO;
				CLANG_ANALYZER_NONNULL = YES;
				CLANG_ANALYZER_NUMBER_OBJECT_CONVERSION = YES_AGGRESSIVE;
				CLANG_CXX_LANGUAGE_STANDARD = "gnu++14";
				CLANG_CXX_LIBRARY = "libc++";
				CLANG_ENABLE_MODULES = YES;
				CLANG_ENABLE_OBJC_ARC = YES;
				CLANG_ENABLE_OBJC_WEAK = YES;
				CLANG_WARN_BLOCK_CAPTURE_AUTORELEASING = YES;
				CLANG_WARN_BOOL_CONVERSION = YES;
				CLANG_WARN_COMMA = YES;
				CLANG_WARN_CONSTANT_CONVERSION = YES;
				CLANG_WARN_DEPRECATED_OBJC_IMPLEMENTATIONS = YES;
				CLANG_WARN_DIRECT_OBJC_ISA_USAGE = YES_ERROR;
				CLANG_WARN_DOCUMENTATION_COMMENTS = YES;
				CLANG_WARN_EMPTY_BODY = YES;
				CLANG_WARN_ENUM_CONVERSION = YES;
				CLANG_WARN_INFINITE_RECURSION = YES;
				CLANG_WARN_INT_CONVERSION = YES;
				CLANG_WARN_NON_LITERAL_NULL_CONVERSION = YES;
				CLANG_WARN_OBJC_IMPLICIT_RETAIN_SELF = YES;
				CLANG_WARN_OBJC_LITERAL_CONVERSION = YES;
				CLANG_WARN_OBJC_ROOT_CLASS = YES_ERROR;
				CLANG_WARN_RANGE_LOOP_ANALYSIS = YES;
				CLANG_WARN_STRICT_PROTOTYPES = YES;
				CLANG_WARN_SUSPICIOUS_MOVE = YES;
				CLANG_WARN_UNGUARDED_AVAILABILITY = YES_AGGRESSIVE;
				CLANG_WARN_UNREACHABLE_CODE = YES;
				CLANG_WARN__DUPLICATE_METHOD_MATCH = YES;
				CODE_SIGN_IDENTITY = "iPhone Developer";
				COPY_PHASE_STRIP = NO;
				DEBUG_INFORMATION_FORMAT = dwarf;
				ENABLE_STRICT_OBJC_MSGSEND = YES;
				ENABLE_TESTABILITY = YES;
				GCC_C_LANGUAGE_STANDARD = gnu11;
				GCC_DYNAMIC_NO_PIC = NO;
				GCC_NO_COMMON_BLOCKS = YES;
				GCC_OPTIMIZATION_LEVEL = 0;
				GCC_PREPROCESSOR_DEFINITIONS = (
					"DEBUG=1",
					"$(inherited)",
				);
				GCC_WARN_64_TO_32_BIT_CONVERSION = YES;
				GCC_WARN_ABOUT_RETURN_TYPE = YES_ERROR;
				GCC_WARN_UNDECLARED_SELECTOR = YES;
				GCC_WARN_UNINITIALIZED_AUTOS = YES_AGGRESSIVE;
				GCC_WARN_UNUSED_FUNCTION = YES;
				GCC_WARN_UNUSED_VARIABLE = YES;
				IPHONEOS_DEPLOYMENT_TARGET = 11.3;
				MTL_ENABLE_DEBUG_INFO = YES;
				ONLY_ACTIVE_ARCH = YES;
				SDKROOT = iphoneos;
				SWIFT_ACTIVE_COMPILATION_CONDITIONS = DEBUG;
				SWIFT_OPTIMIZATION_LEVEL = "-Onone";
			};
			name = Debug;
		};
		23681B022082727B00B8BB59 /* Release */ = {
			isa = XCBuildConfiguration;
			buildSettings = {
				ALWAYS_SEARCH_USER_PATHS = NO;
				CLANG_ANALYZER_NONNULL = YES;
				CLANG_ANALYZER_NUMBER_OBJECT_CONVERSION = YES_AGGRESSIVE;
				CLANG_CXX_LANGUAGE_STANDARD = "gnu++14";
				CLANG_CXX_LIBRARY = "libc++";
				CLANG_ENABLE_MODULES = YES;
				CLANG_ENABLE_OBJC_ARC = YES;
				CLANG_ENABLE_OBJC_WEAK = YES;
				CLANG_WARN_BLOCK_CAPTURE_AUTORELEASING = YES;
				CLANG_WARN_BOOL_CONVERSION = YES;
				CLANG_WARN_COMMA = YES;
				CLANG_WARN_CONSTANT_CONVERSION = YES;
				CLANG_WARN_DEPRECATED_OBJC_IMPLEMENTATIONS = YES;
				CLANG_WARN_DIRECT_OBJC_ISA_USAGE = YES_ERROR;
				CLANG_WARN_DOCUMENTATION_COMMENTS = YES;
				CLANG_WARN_EMPTY_BODY = YES;
				CLANG_WARN_ENUM_CONVERSION = YES;
				CLANG_WARN_INFINITE_RECURSION = YES;
				CLANG_WARN_INT_CONVERSION = YES;
				CLANG_WARN_NON_LITERAL_NULL_CONVERSION = YES;
				CLANG_WARN_OBJC_IMPLICIT_RETAIN_SELF = YES;
				CLANG_WARN_OBJC_LITERAL_CONVERSION = YES;
				CLANG_WARN_OBJC_ROOT_CLASS = YES_ERROR;
				CLANG_WARN_RANGE_LOOP_ANALYSIS = YES;
				CLANG_WARN_STRICT_PROTOTYPES = YES;
				CLANG_WARN_SUSPICIOUS_MOVE = YES;
				CLANG_WARN_UNGUARDED_AVAILABILITY = YES_AGGRESSIVE;
				CLANG_WARN_UNREACHABLE_CODE = YES;
				CLANG_WARN__DUPLICATE_METHOD_MATCH = YES;
				CODE_SIGN_IDENTITY = "iPhone Developer";
				COPY_PHASE_STRIP = NO;
				DEBUG_INFORMATION_FORMAT = "dwarf-with-dsym";
				ENABLE_NS_ASSERTIONS = NO;
				ENABLE_STRICT_OBJC_MSGSEND = YES;
				GCC_C_LANGUAGE_STANDARD = gnu11;
				GCC_NO_COMMON_BLOCKS = YES;
				GCC_WARN_64_TO_32_BIT_CONVERSION = YES;
				GCC_WARN_ABOUT_RETURN_TYPE = YES_ERROR;
				GCC_WARN_UNDECLARED_SELECTOR = YES;
				GCC_WARN_UNINITIALIZED_AUTOS = YES_AGGRESSIVE;
				GCC_WARN_UNUSED_FUNCTION = YES;
				GCC_WARN_UNUSED_VARIABLE = YES;
				IPHONEOS_DEPLOYMENT_TARGET = 11.3;
				MTL_ENABLE_DEBUG_INFO = NO;
				SDKROOT = iphoneos;
				SWIFT_COMPILATION_MODE = wholemodule;
				SWIFT_OPTIMIZATION_LEVEL = "-O";
				VALIDATE_PRODUCT = YES;
			};
			name = Release;
		};
		23681B042082727B00B8BB59 /* Debug */ = {
			isa = XCBuildConfiguration;
			buildSettings = {
				ASSETCATALOG_COMPILER_APPICON_NAME = AppIcon;
				CODE_SIGN_STYLE = Automatic;
				DEVELOPMENT_TEAM = 8V7ERX2APN;
				INFOPLIST_FILE = DocumentViewer/Info.plist;
				LD_RUNPATH_SEARCH_PATHS = (
					"$(inherited)",
					"@executable_path/Frameworks",
				);
				PRODUCT_BUNDLE_IDENTIFIER = com.jakeswedenburg.DocumentViewer;
				PRODUCT_NAME = "$(TARGET_NAME)";
				SWIFT_VERSION = 4.0;
				TARGETED_DEVICE_FAMILY = "1,2";
			};
			name = Debug;
		};
		23681B052082727B00B8BB59 /* Release */ = {
			isa = XCBuildConfiguration;
			buildSettings = {
				ASSETCATALOG_COMPILER_APPICON_NAME = AppIcon;
				CODE_SIGN_STYLE = Automatic;
				DEVELOPMENT_TEAM = 8V7ERX2APN;
				INFOPLIST_FILE = DocumentViewer/Info.plist;
				LD_RUNPATH_SEARCH_PATHS = (
					"$(inherited)",
					"@executable_path/Frameworks",
				);
				PRODUCT_BUNDLE_IDENTIFIER = com.jakeswedenburg.DocumentViewer;
				PRODUCT_NAME = "$(TARGET_NAME)";
				SWIFT_VERSION = 4.0;
				TARGETED_DEVICE_FAMILY = "1,2";
			};
			name = Release;
		};
		23681B072082727B00B8BB59 /* Debug */ = {
			isa = XCBuildConfiguration;
			buildSettings = {
				ALWAYS_EMBED_SWIFT_STANDARD_LIBRARIES = YES;
				BUNDLE_LOADER = "$(TEST_HOST)";
				CODE_SIGN_STYLE = Automatic;
				DEVELOPMENT_TEAM = 8V7ERX2APN;
				INFOPLIST_FILE = DocumentViewerTests/Info.plist;
				LD_RUNPATH_SEARCH_PATHS = (
					"$(inherited)",
					"@executable_path/Frameworks",
					"@loader_path/Frameworks",
				);
				PRODUCT_BUNDLE_IDENTIFIER = com.jakeswedenburg.DocumentViewerTests;
				PRODUCT_NAME = "$(TARGET_NAME)";
				SWIFT_VERSION = 4.0;
				TARGETED_DEVICE_FAMILY = "1,2";
				TEST_HOST = "$(BUILT_PRODUCTS_DIR)/DocumentViewer.app/DocumentViewer";
			};
			name = Debug;
		};
		23681B082082727B00B8BB59 /* Release */ = {
			isa = XCBuildConfiguration;
			buildSettings = {
				ALWAYS_EMBED_SWIFT_STANDARD_LIBRARIES = YES;
				BUNDLE_LOADER = "$(TEST_HOST)";
				CODE_SIGN_STYLE = Automatic;
				DEVELOPMENT_TEAM = 8V7ERX2APN;
				INFOPLIST_FILE = DocumentViewerTests/Info.plist;
				LD_RUNPATH_SEARCH_PATHS = (
					"$(inherited)",
					"@executable_path/Frameworks",
					"@loader_path/Frameworks",
				);
				PRODUCT_BUNDLE_IDENTIFIER = com.jakeswedenburg.DocumentViewerTests;
				PRODUCT_NAME = "$(TARGET_NAME)";
				SWIFT_VERSION = 4.0;
				TARGETED_DEVICE_FAMILY = "1,2";
				TEST_HOST = "$(BUILT_PRODUCTS_DIR)/DocumentViewer.app/DocumentViewer";
			};
			name = Release;
		};
		23681B0A2082727B00B8BB59 /* Debug */ = {
			isa = XCBuildConfiguration;
			buildSettings = {
				ALWAYS_EMBED_SWIFT_STANDARD_LIBRARIES = YES;
				CODE_SIGN_STYLE = Automatic;
				DEVELOPMENT_TEAM = 8V7ERX2APN;
				INFOPLIST_FILE = DocumentViewerUITests/Info.plist;
				LD_RUNPATH_SEARCH_PATHS = (
					"$(inherited)",
					"@executable_path/Frameworks",
					"@loader_path/Frameworks",
				);
				PRODUCT_BUNDLE_IDENTIFIER = com.jakeswedenburg.DocumentViewerUITests;
				PRODUCT_NAME = "$(TARGET_NAME)";
				SWIFT_VERSION = 4.0;
				TARGETED_DEVICE_FAMILY = "1,2";
				TEST_TARGET_NAME = DocumentViewer;
			};
			name = Debug;
		};
		23681B0B2082727B00B8BB59 /* Release */ = {
			isa = XCBuildConfiguration;
			buildSettings = {
				ALWAYS_EMBED_SWIFT_STANDARD_LIBRARIES = YES;
				CODE_SIGN_STYLE = Automatic;
				DEVELOPMENT_TEAM = 8V7ERX2APN;
				INFOPLIST_FILE = DocumentViewerUITests/Info.plist;
				LD_RUNPATH_SEARCH_PATHS = (
					"$(inherited)",
					"@executable_path/Frameworks",
					"@loader_path/Frameworks",
				);
				PRODUCT_BUNDLE_IDENTIFIER = com.jakeswedenburg.DocumentViewerUITests;
				PRODUCT_NAME = "$(TARGET_NAME)";
				SWIFT_VERSION = 4.0;
				TARGETED_DEVICE_FAMILY = "1,2";
				TEST_TARGET_NAME = DocumentViewer;
			};
			name = Release;
		};
/* End XCBuildConfiguration section */

/* Begin XCConfigurationList section */
		23681AD62082727900B8BB59 /* Build configuration list for PBXProject "DocumentViewer" */ = {
			isa = XCConfigurationList;
			buildConfigurations = (
				23681B012082727B00B8BB59 /* Debug */,
				23681B022082727B00B8BB59 /* Release */,
			);
			defaultConfigurationIsVisible = 0;
			defaultConfigurationName = Release;
		};
		23681B032082727B00B8BB59 /* Build configuration list for PBXNativeTarget "DocumentViewer" */ = {
			isa = XCConfigurationList;
			buildConfigurations = (
				23681B042082727B00B8BB59 /* Debug */,
				23681B052082727B00B8BB59 /* Release */,
			);
			defaultConfigurationIsVisible = 0;
			defaultConfigurationName = Release;
		};
		23681B062082727B00B8BB59 /* Build configuration list for PBXNativeTarget "DocumentViewerTests" */ = {
			isa = XCConfigurationList;
			buildConfigurations = (
				23681B072082727B00B8BB59 /* Debug */,
				23681B082082727B00B8BB59 /* Release */,
			);
			defaultConfigurationIsVisible = 0;
			defaultConfigurationName = Release;
		};
		23681B092082727B00B8BB59 /* Build configuration list for PBXNativeTarget "DocumentViewerUITests" */ = {
			isa = XCConfigurationList;
			buildConfigurations = (
				23681B0A2082727B00B8BB59 /* Debug */,
				23681B0B2082727B00B8BB59 /* Release */,
			);
			defaultConfigurationIsVisible = 0;
			defaultConfigurationName = Release;
		};
/* End XCConfigurationList section */
	};
	rootObject = 23681AD32082727900B8BB59 /* Project object */;
}
